
Microsoft Visual Studio Solution File, Format Version 12.00
# Visual Studio 15
VisualStudioVersion = 15.0.28307.1684
MinimumVisualStudioVersion = 10.0.40219.1
Project("{FAE04EC0-301F-11D3-BF4B-00C04F79EFBC}") = "WebSandboxx", "WebSandboxx\WebSandboxx.csproj", "{427AE7F3-E3C7-42DA-BFFC-3852AB71BB22}"
EndProject
Global
	GlobalSection(SolutionConfigurationPlatforms) = preSolution
		Debug|Any CPU = Debug|Any CPU
		Release|Any CPU = Release|Any CPU
	EndGlobalSection
	GlobalSection(ProjectConfigurationPlatforms) = postSolution
		{427AE7F3-E3C7-42DA-BFFC-3852AB71BB22}.Debug|Any CPU.ActiveCfg = Debug|Any CPU
		{427AE7F3-E3C7-42DA-BFFC-3852AB71BB22}.Debug|Any CPU.Build.0 = Debug|Any CPU
		{427AE7F3-E3C7-42DA-BFFC-3852AB71BB22}.Release|Any CPU.ActiveCfg = Release|Any CPU
		{427AE7F3-E3C7-42DA-BFFC-3852AB71BB22}.Release|Any CPU.Build.0 = Release|Any CPU
	EndGlobalSection
	GlobalSection(SolutionProperties) = preSolution
		HideSolutionNode = FALSE
	EndGlobalSection
	GlobalSection(ExtensibilityGlobals) = postSolution
		SolutionGuid = {B92307D8-D7B1-401C-A4F8-E31BB453E2A4}
	EndGlobalSection
EndGlobal
